// !$*UTF8*$!
{
	archiveVersion = 1;
	classes = {
	};
	objectVersion = 46;
	objects = {

/* Begin PBXBuildFile section */
		4A0BB2D41DDAE0210036E6B2 /* MatchesHeaderView.m in Sources */ = {isa = PBXBuildFile; fileRef = 4A0BB2D31DDAE0210036E6B2 /* MatchesHeaderView.m */; };
		4A0BB2D71DDB01A10036E6B2 /* StatisticsTableViewController.m in Sources */ = {isa = PBXBuildFile; fileRef = 4A0BB2D61DDB01A10036E6B2 /* StatisticsTableViewController.m */; };
		4A0BB2DB1DDB05BC0036E6B2 /* StatsTableViewCell.m in Sources */ = {isa = PBXBuildFile; fileRef = 4A0BB2D91DDB05BC0036E6B2 /* StatsTableViewCell.m */; };
		4A0BB2DC1DDB05BC0036E6B2 /* StatsTableViewCell.xib in Resources */ = {isa = PBXBuildFile; fileRef = 4A0BB2DA1DDB05BC0036E6B2 /* StatsTableViewCell.xib */; };
		4A2716371DDB1CAC00A48BDD /* StatsHeaderView.m in Sources */ = {isa = PBXBuildFile; fileRef = 4A2716361DDB1CAC00A48BDD /* StatsHeaderView.m */; };
		4A2716391DDB1CBF00A48BDD /* StatsHeaderView.xib in Resources */ = {isa = PBXBuildFile; fileRef = 4A2716381DDB1CBF00A48BDD /* StatsHeaderView.xib */; };
		4A2B59371DD5F8750032D53D /* main.m in Sources */ = {isa = PBXBuildFile; fileRef = 4A2B59361DD5F8750032D53D /* main.m */; };
		4A2B593A1DD5F8750032D53D /* AppDelegate.m in Sources */ = {isa = PBXBuildFile; fileRef = 4A2B59391DD5F8750032D53D /* AppDelegate.m */; };
		4A2B593D1DD5F8750032D53D /* ViewController.m in Sources */ = {isa = PBXBuildFile; fileRef = 4A2B593C1DD5F8750032D53D /* ViewController.m */; };
		4A2B59401DD5F8750032D53D /* Main.storyboard in Resources */ = {isa = PBXBuildFile; fileRef = 4A2B593E1DD5F8750032D53D /* Main.storyboard */; };
		4A2B59421DD5F8750032D53D /* Assets.xcassets in Resources */ = {isa = PBXBuildFile; fileRef = 4A2B59411DD5F8750032D53D /* Assets.xcassets */; };
		4A2B59451DD5F8750032D53D /* LaunchScreen.storyboard in Resources */ = {isa = PBXBuildFile; fileRef = 4A2B59431DD5F8750032D53D /* LaunchScreen.storyboard */; };
		4A2B59501DD5F8750032D53D /* Fifa_competitionsTests.m in Sources */ = {isa = PBXBuildFile; fileRef = 4A2B594F1DD5F8750032D53D /* Fifa_competitionsTests.m */; };
		4A2B595D1DD607A60032D53D /* CreateCompetitionBaseViewController.m in Sources */ = {isa = PBXBuildFile; fileRef = 4A2B595B1DD607A60032D53D /* CreateCompetitionBaseViewController.m */; };
		4A2B59611DD610720032D53D /* UnderlineTextField.m in Sources */ = {isa = PBXBuildFile; fileRef = 4A2B59601DD610720032D53D /* UnderlineTextField.m */; };
		4A2B59641DD612740032D53D /* SetupCompetitionViewController.m in Sources */ = {isa = PBXBuildFile; fileRef = 4A2B59631DD612740032D53D /* SetupCompetitionViewController.m */; };
		4A2B59671DD62FD80032D53D /* PlayerSetupViewController.m in Sources */ = {isa = PBXBuildFile; fileRef = 4A2B59661DD62FD80032D53D /* PlayerSetupViewController.m */; };
		4A2B596B1DD63EC30032D53D /* ClubCollectionViewCell.m in Sources */ = {isa = PBXBuildFile; fileRef = 4A2B59691DD63EC30032D53D /* ClubCollectionViewCell.m */; };
		4A2B596C1DD63EC30032D53D /* ClubCollectionViewCell.xib in Resources */ = {isa = PBXBuildFile; fileRef = 4A2B596A1DD63EC30032D53D /* ClubCollectionViewCell.xib */; };
		4A4B04401DE0ECA500581C0C /* clubs.plist in Resources */ = {isa = PBXBuildFile; fileRef = 4A4B043F1DE0ECA500581C0C /* clubs.plist */; };
		4A4B04421DE0ECB700581C0C /* Logos.xcassets in Resources */ = {isa = PBXBuildFile; fileRef = 4A4B04411DE0ECB700581C0C /* Logos.xcassets */; };
		4A95A9991DD92BEC000F7CF6 /* MatchTableViewCell.m in Sources */ = {isa = PBXBuildFile; fileRef = 4A95A9971DD92BEC000F7CF6 /* MatchTableViewCell.m */; };
		4A95A99A1DD92BEC000F7CF6 /* MatchTableViewCell.xib in Resources */ = {isa = PBXBuildFile; fileRef = 4A95A9981DD92BEC000F7CF6 /* MatchTableViewCell.xib */; };
		4A95A99D1DD92CD6000F7CF6 /* MatchesViewController.m in Sources */ = {isa = PBXBuildFile; fileRef = 4A95A99C1DD92CD6000F7CF6 /* MatchesViewController.m */; };
		4A95E5741DE9F7F000B48BEA /* CompetitionTypeViewController.m in Sources */ = {isa = PBXBuildFile; fileRef = 4A95E5731DE9F7F000B48BEA /* CompetitionTypeViewController.m */; };
		4A95E5781DEA033600B48BEA /* CompetitionTypeTableViewCell.m in Sources */ = {isa = PBXBuildFile; fileRef = 4A95E5761DEA033600B48BEA /* CompetitionTypeTableViewCell.m */; };
		4A95E5791DEA033600B48BEA /* CompetitionTypeTableViewCell.xib in Resources */ = {isa = PBXBuildFile; fileRef = 4A95E5771DEA033600B48BEA /* CompetitionTypeTableViewCell.xib */; };
		4AD5ADA91DDE1B7D00913B54 /* Realm.framework in Frameworks */ = {isa = PBXBuildFile; fileRef = 4AD5ADA81DDE1B7D00913B54 /* Realm.framework */; };
		4AD5ADAA1DDE1B7D00913B54 /* Realm.framework in Embed Frameworks */ = {isa = PBXBuildFile; fileRef = 4AD5ADA81DDE1B7D00913B54 /* Realm.framework */; settings = {ATTRIBUTES = (CodeSignOnCopy, RemoveHeadersOnCopy, ); }; };
		4AD5ADB01DDF309E00913B54 /* Club.m in Sources */ = {isa = PBXBuildFile; fileRef = 4AD5ADAF1DDF309E00913B54 /* Club.m */; };
		4AD5ADB31DDF347B00913B54 /* Player.m in Sources */ = {isa = PBXBuildFile; fileRef = 4AD5ADB21DDF347B00913B54 /* Player.m */; };
		4AD5ADB61DDF8FD500913B54 /* Week.m in Sources */ = {isa = PBXBuildFile; fileRef = 4AD5ADB51DDF8FD500913B54 /* Week.m */; };
		4AD5ADB91DDF8FF400913B54 /* Match.m in Sources */ = {isa = PBXBuildFile; fileRef = 4AD5ADB81DDF8FF400913B54 /* Match.m */; };
		4AD5ADBC1DDF938C00913B54 /* Competition.m in Sources */ = {isa = PBXBuildFile; fileRef = 4AD5ADBB1DDF938C00913B54 /* Competition.m */; };
		4AD5ADBF1DDF942800913B54 /* Statistics.m in Sources */ = {isa = PBXBuildFile; fileRef = 4AD5ADBE1DDF942800913B54 /* Statistics.m */; };
		4AD5ADC21DDF944800913B54 /* StatisticsItem.m in Sources */ = {isa = PBXBuildFile; fileRef = 4AD5ADC11DDF944800913B54 /* StatisticsItem.m */; };
		4AD5ADC51DDF976E00913B54 /* League.m in Sources */ = {isa = PBXBuildFile; fileRef = 4AD5ADC41DDF976E00913B54 /* League.m */; };
		4AD5ADC81DDF9C7500913B54 /* Tournament.m in Sources */ = {isa = PBXBuildFile; fileRef = 4AD5ADC71DDF9C7500913B54 /* Tournament.m */; };
		4AD5ADCB1DDF9DF800913B54 /* Group.m in Sources */ = {isa = PBXBuildFile; fileRef = 4AD5ADCA1DDF9DF800913B54 /* Group.m */; };
		4AD5ADCE1DDFA0C900913B54 /* KnockoutStage.m in Sources */ = {isa = PBXBuildFile; fileRef = 4AD5ADCD1DDFA0C900913B54 /* KnockoutStage.m */; };
		4AD5ADD11DDFB5EB00913B54 /* Utils.m in Sources */ = {isa = PBXBuildFile; fileRef = 4AD5ADD01DDFB5EB00913B54 /* Utils.m */; };
		4ADD28F21DE88317004C646B /* NSMutableArray+Shuffling.m in Sources */ = {isa = PBXBuildFile; fileRef = 4ADD28F11DE88317004C646B /* NSMutableArray+Shuffling.m */; };
		4ADD28F51DE8DA2D004C646B /* TournamentMatchesViewController.m in Sources */ = {isa = PBXBuildFile; fileRef = 4ADD28F41DE8DA2D004C646B /* TournamentMatchesViewController.m */; };
		7870DE101DECDBF7005680ED /* CongratulationWinnerViewController.m in Sources */ = {isa = PBXBuildFile; fileRef = 7870DE0E1DECDBF7005680ED /* CongratulationWinnerViewController.m */; };
		7870DE111DECDBF7005680ED /* CongratulationWinnerViewController.xib in Resources */ = {isa = PBXBuildFile; fileRef = 7870DE0F1DECDBF7005680ED /* CongratulationWinnerViewController.xib */; };
		78D3093B1DE8C8DC00075921 /* PenaltySeries.m in Sources */ = {isa = PBXBuildFile; fileRef = 78D3093A1DE8C8DC00075921 /* PenaltySeries.m */; };
/* End PBXBuildFile section */

/* Begin PBXContainerItemProxy section */
		4A2B594C1DD5F8750032D53D /* PBXContainerItemProxy */ = {
			isa = PBXContainerItemProxy;
			containerPortal = 4A2B592A1DD5F8750032D53D /* Project object */;
			proxyType = 1;
			remoteGlobalIDString = 4A2B59311DD5F8750032D53D;
			remoteInfo = Fifa_competitions;
		};
/* End PBXContainerItemProxy section */

/* Begin PBXCopyFilesBuildPhase section */
		4AD5ADAB1DDE1B7D00913B54 /* Embed Frameworks */ = {
			isa = PBXCopyFilesBuildPhase;
			buildActionMask = 2147483647;
			dstPath = "";
			dstSubfolderSpec = 10;
			files = (
				4AD5ADAA1DDE1B7D00913B54 /* Realm.framework in Embed Frameworks */,
			);
			name = "Embed Frameworks";
			runOnlyForDeploymentPostprocessing = 0;
		};
/* End PBXCopyFilesBuildPhase section */

/* Begin PBXFileReference section */
		4A0BB2D21DDAE0210036E6B2 /* MatchesHeaderView.h */ = {isa = PBXFileReference; fileEncoding = 4; lastKnownFileType = sourcecode.c.h; path = MatchesHeaderView.h; sourceTree = "<group>"; };
		4A0BB2D31DDAE0210036E6B2 /* MatchesHeaderView.m */ = {isa = PBXFileReference; fileEncoding = 4; lastKnownFileType = sourcecode.c.objc; path = MatchesHeaderView.m; sourceTree = "<group>"; };
		4A0BB2D51DDB01A10036E6B2 /* StatisticsTableViewController.h */ = {isa = PBXFileReference; fileEncoding = 4; lastKnownFileType = sourcecode.c.h; path = StatisticsTableViewController.h; sourceTree = "<group>"; };
		4A0BB2D61DDB01A10036E6B2 /* StatisticsTableViewController.m */ = {isa = PBXFileReference; fileEncoding = 4; lastKnownFileType = sourcecode.c.objc; path = StatisticsTableViewController.m; sourceTree = "<group>"; };
		4A0BB2D81DDB05BC0036E6B2 /* StatsTableViewCell.h */ = {isa = PBXFileReference; fileEncoding = 4; lastKnownFileType = sourcecode.c.h; path = StatsTableViewCell.h; sourceTree = "<group>"; };
		4A0BB2D91DDB05BC0036E6B2 /* StatsTableViewCell.m */ = {isa = PBXFileReference; fileEncoding = 4; lastKnownFileType = sourcecode.c.objc; path = StatsTableViewCell.m; sourceTree = "<group>"; };
		4A0BB2DA1DDB05BC0036E6B2 /* StatsTableViewCell.xib */ = {isa = PBXFileReference; fileEncoding = 4; lastKnownFileType = file.xib; path = StatsTableViewCell.xib; sourceTree = "<group>"; };
		4A2716351DDB1CAC00A48BDD /* StatsHeaderView.h */ = {isa = PBXFileReference; fileEncoding = 4; lastKnownFileType = sourcecode.c.h; path = StatsHeaderView.h; sourceTree = "<group>"; };
		4A2716361DDB1CAC00A48BDD /* StatsHeaderView.m */ = {isa = PBXFileReference; fileEncoding = 4; lastKnownFileType = sourcecode.c.objc; path = StatsHeaderView.m; sourceTree = "<group>"; };
		4A2716381DDB1CBF00A48BDD /* StatsHeaderView.xib */ = {isa = PBXFileReference; fileEncoding = 4; lastKnownFileType = file.xib; path = StatsHeaderView.xib; sourceTree = "<group>"; };
		4A2B59321DD5F8750032D53D /* Fifa_competitions.app */ = {isa = PBXFileReference; explicitFileType = wrapper.application; includeInIndex = 0; path = Fifa_competitions.app; sourceTree = BUILT_PRODUCTS_DIR; };
		4A2B59361DD5F8750032D53D /* main.m */ = {isa = PBXFileReference; lastKnownFileType = sourcecode.c.objc; path = main.m; sourceTree = "<group>"; };
		4A2B59381DD5F8750032D53D /* AppDelegate.h */ = {isa = PBXFileReference; lastKnownFileType = sourcecode.c.h; path = AppDelegate.h; sourceTree = "<group>"; };
		4A2B59391DD5F8750032D53D /* AppDelegate.m */ = {isa = PBXFileReference; lastKnownFileType = sourcecode.c.objc; path = AppDelegate.m; sourceTree = "<group>"; };
		4A2B593B1DD5F8750032D53D /* ViewController.h */ = {isa = PBXFileReference; lastKnownFileType = sourcecode.c.h; path = ViewController.h; sourceTree = "<group>"; };
		4A2B593C1DD5F8750032D53D /* ViewController.m */ = {isa = PBXFileReference; lastKnownFileType = sourcecode.c.objc; path = ViewController.m; sourceTree = "<group>"; };
		4A2B593F1DD5F8750032D53D /* Base */ = {isa = PBXFileReference; lastKnownFileType = file.storyboard; name = Base; path = Base.lproj/Main.storyboard; sourceTree = "<group>"; };
		4A2B59411DD5F8750032D53D /* Assets.xcassets */ = {isa = PBXFileReference; lastKnownFileType = folder.assetcatalog; path = Assets.xcassets; sourceTree = "<group>"; };
		4A2B59441DD5F8750032D53D /* Base */ = {isa = PBXFileReference; lastKnownFileType = file.storyboard; name = Base; path = Base.lproj/LaunchScreen.storyboard; sourceTree = "<group>"; };
		4A2B59461DD5F8750032D53D /* Info.plist */ = {isa = PBXFileReference; lastKnownFileType = text.plist.xml; path = Info.plist; sourceTree = "<group>"; };
		4A2B594B1DD5F8750032D53D /* Fifa_competitionsTests.xctest */ = {isa = PBXFileReference; explicitFileType = wrapper.cfbundle; includeInIndex = 0; path = Fifa_competitionsTests.xctest; sourceTree = BUILT_PRODUCTS_DIR; };
		4A2B594F1DD5F8750032D53D /* Fifa_competitionsTests.m */ = {isa = PBXFileReference; lastKnownFileType = sourcecode.c.objc; path = Fifa_competitionsTests.m; sourceTree = "<group>"; };
		4A2B59511DD5F8750032D53D /* Info.plist */ = {isa = PBXFileReference; lastKnownFileType = text.plist.xml; path = Info.plist; sourceTree = "<group>"; };
		4A2B595A1DD607A60032D53D /* CreateCompetitionBaseViewController.h */ = {isa = PBXFileReference; fileEncoding = 4; lastKnownFileType = sourcecode.c.h; path = CreateCompetitionBaseViewController.h; sourceTree = "<group>"; };
		4A2B595B1DD607A60032D53D /* CreateCompetitionBaseViewController.m */ = {isa = PBXFileReference; fileEncoding = 4; lastKnownFileType = sourcecode.c.objc; path = CreateCompetitionBaseViewController.m; sourceTree = "<group>"; };
		4A2B595F1DD610720032D53D /* UnderlineTextField.h */ = {isa = PBXFileReference; fileEncoding = 4; lastKnownFileType = sourcecode.c.h; path = UnderlineTextField.h; sourceTree = "<group>"; };
		4A2B59601DD610720032D53D /* UnderlineTextField.m */ = {isa = PBXFileReference; fileEncoding = 4; lastKnownFileType = sourcecode.c.objc; path = UnderlineTextField.m; sourceTree = "<group>"; };
		4A2B59621DD612740032D53D /* SetupCompetitionViewController.h */ = {isa = PBXFileReference; fileEncoding = 4; lastKnownFileType = sourcecode.c.h; path = SetupCompetitionViewController.h; sourceTree = "<group>"; };
		4A2B59631DD612740032D53D /* SetupCompetitionViewController.m */ = {isa = PBXFileReference; fileEncoding = 4; lastKnownFileType = sourcecode.c.objc; path = SetupCompetitionViewController.m; sourceTree = "<group>"; };
		4A2B59651DD62FD80032D53D /* PlayerSetupViewController.h */ = {isa = PBXFileReference; fileEncoding = 4; lastKnownFileType = sourcecode.c.h; path = PlayerSetupViewController.h; sourceTree = "<group>"; };
		4A2B59661DD62FD80032D53D /* PlayerSetupViewController.m */ = {isa = PBXFileReference; fileEncoding = 4; lastKnownFileType = sourcecode.c.objc; path = PlayerSetupViewController.m; sourceTree = "<group>"; };
		4A2B59681DD63EC30032D53D /* ClubCollectionViewCell.h */ = {isa = PBXFileReference; fileEncoding = 4; lastKnownFileType = sourcecode.c.h; path = ClubCollectionViewCell.h; sourceTree = "<group>"; };
		4A2B59691DD63EC30032D53D /* ClubCollectionViewCell.m */ = {isa = PBXFileReference; fileEncoding = 4; lastKnownFileType = sourcecode.c.objc; path = ClubCollectionViewCell.m; sourceTree = "<group>"; };
		4A2B596A1DD63EC30032D53D /* ClubCollectionViewCell.xib */ = {isa = PBXFileReference; fileEncoding = 4; lastKnownFileType = file.xib; path = ClubCollectionViewCell.xib; sourceTree = "<group>"; };
		4A4B043F1DE0ECA500581C0C /* clubs.plist */ = {isa = PBXFileReference; fileEncoding = 4; lastKnownFileType = text.plist.xml; path = clubs.plist; sourceTree = "<group>"; };
		4A4B04411DE0ECB700581C0C /* Logos.xcassets */ = {isa = PBXFileReference; lastKnownFileType = folder.assetcatalog; path = Logos.xcassets; sourceTree = "<group>"; };
		4A95A9961DD92BEC000F7CF6 /* MatchTableViewCell.h */ = {isa = PBXFileReference; fileEncoding = 4; lastKnownFileType = sourcecode.c.h; path = MatchTableViewCell.h; sourceTree = "<group>"; };
		4A95A9971DD92BEC000F7CF6 /* MatchTableViewCell.m */ = {isa = PBXFileReference; fileEncoding = 4; lastKnownFileType = sourcecode.c.objc; path = MatchTableViewCell.m; sourceTree = "<group>"; };
		4A95A9981DD92BEC000F7CF6 /* MatchTableViewCell.xib */ = {isa = PBXFileReference; fileEncoding = 4; lastKnownFileType = file.xib; path = MatchTableViewCell.xib; sourceTree = "<group>"; };
		4A95A99B1DD92CD6000F7CF6 /* MatchesViewController.h */ = {isa = PBXFileReference; fileEncoding = 4; lastKnownFileType = sourcecode.c.h; path = MatchesViewController.h; sourceTree = "<group>"; };
		4A95A99C1DD92CD6000F7CF6 /* MatchesViewController.m */ = {isa = PBXFileReference; fileEncoding = 4; lastKnownFileType = sourcecode.c.objc; path = MatchesViewController.m; sourceTree = "<group>"; };
		4A95E5721DE9F7F000B48BEA /* CompetitionTypeViewController.h */ = {isa = PBXFileReference; fileEncoding = 4; lastKnownFileType = sourcecode.c.h; path = CompetitionTypeViewController.h; sourceTree = "<group>"; };
		4A95E5731DE9F7F000B48BEA /* CompetitionTypeViewController.m */ = {isa = PBXFileReference; fileEncoding = 4; lastKnownFileType = sourcecode.c.objc; path = CompetitionTypeViewController.m; sourceTree = "<group>"; };
		4A95E5751DEA033600B48BEA /* CompetitionTypeTableViewCell.h */ = {isa = PBXFileReference; fileEncoding = 4; lastKnownFileType = sourcecode.c.h; path = CompetitionTypeTableViewCell.h; sourceTree = "<group>"; };
		4A95E5761DEA033600B48BEA /* CompetitionTypeTableViewCell.m */ = {isa = PBXFileReference; fileEncoding = 4; lastKnownFileType = sourcecode.c.objc; path = CompetitionTypeTableViewCell.m; sourceTree = "<group>"; };
		4A95E5771DEA033600B48BEA /* CompetitionTypeTableViewCell.xib */ = {isa = PBXFileReference; fileEncoding = 4; lastKnownFileType = file.xib; path = CompetitionTypeTableViewCell.xib; sourceTree = "<group>"; };
		4AD5ADA81DDE1B7D00913B54 /* Realm.framework */ = {isa = PBXFileReference; lastKnownFileType = wrapper.framework; path = Realm.framework; sourceTree = "<group>"; };
		4AD5ADAE1DDF309E00913B54 /* Club.h */ = {isa = PBXFileReference; fileEncoding = 4; lastKnownFileType = sourcecode.c.h; name = Club.h; path = Model/Club.h; sourceTree = "<group>"; };
		4AD5ADAF1DDF309E00913B54 /* Club.m */ = {isa = PBXFileReference; fileEncoding = 4; lastKnownFileType = sourcecode.c.objc; name = Club.m; path = Model/Club.m; sourceTree = "<group>"; };
		4AD5ADB11DDF347B00913B54 /* Player.h */ = {isa = PBXFileReference; fileEncoding = 4; lastKnownFileType = sourcecode.c.h; name = Player.h; path = Model/Player.h; sourceTree = "<group>"; };
		4AD5ADB21DDF347B00913B54 /* Player.m */ = {isa = PBXFileReference; fileEncoding = 4; lastKnownFileType = sourcecode.c.objc; name = Player.m; path = Model/Player.m; sourceTree = "<group>"; };
		4AD5ADB41DDF8FD500913B54 /* Week.h */ = {isa = PBXFileReference; fileEncoding = 4; lastKnownFileType = sourcecode.c.h; path = Week.h; sourceTree = "<group>"; };
		4AD5ADB51DDF8FD500913B54 /* Week.m */ = {isa = PBXFileReference; fileEncoding = 4; lastKnownFileType = sourcecode.c.objc; path = Week.m; sourceTree = "<group>"; };
		4AD5ADB71DDF8FF400913B54 /* Match.h */ = {isa = PBXFileReference; fileEncoding = 4; lastKnownFileType = sourcecode.c.h; path = Match.h; sourceTree = "<group>"; };
		4AD5ADB81DDF8FF400913B54 /* Match.m */ = {isa = PBXFileReference; fileEncoding = 4; lastKnownFileType = sourcecode.c.objc; path = Match.m; sourceTree = "<group>"; };
		4AD5ADBA1DDF938C00913B54 /* Competition.h */ = {isa = PBXFileReference; fileEncoding = 4; lastKnownFileType = sourcecode.c.h; path = Competition.h; sourceTree = "<group>"; };
		4AD5ADBB1DDF938C00913B54 /* Competition.m */ = {isa = PBXFileReference; fileEncoding = 4; lastKnownFileType = sourcecode.c.objc; path = Competition.m; sourceTree = "<group>"; };
		4AD5ADBD1DDF942800913B54 /* Statistics.h */ = {isa = PBXFileReference; fileEncoding = 4; lastKnownFileType = sourcecode.c.h; name = Statistics.h; path = Model/Statistics.h; sourceTree = "<group>"; };
		4AD5ADBE1DDF942800913B54 /* Statistics.m */ = {isa = PBXFileReference; fileEncoding = 4; lastKnownFileType = sourcecode.c.objc; name = Statistics.m; path = Model/Statistics.m; sourceTree = "<group>"; };
		4AD5ADC01DDF944800913B54 /* StatisticsItem.h */ = {isa = PBXFileReference; fileEncoding = 4; lastKnownFileType = sourcecode.c.h; name = StatisticsItem.h; path = Model/StatisticsItem.h; sourceTree = "<group>"; };
		4AD5ADC11DDF944800913B54 /* StatisticsItem.m */ = {isa = PBXFileReference; fileEncoding = 4; lastKnownFileType = sourcecode.c.objc; name = StatisticsItem.m; path = Model/StatisticsItem.m; sourceTree = "<group>"; };
		4AD5ADC31DDF976E00913B54 /* League.h */ = {isa = PBXFileReference; fileEncoding = 4; lastKnownFileType = sourcecode.c.h; name = League.h; path = Model/League.h; sourceTree = "<group>"; };
		4AD5ADC41DDF976E00913B54 /* League.m */ = {isa = PBXFileReference; fileEncoding = 4; lastKnownFileType = sourcecode.c.objc; name = League.m; path = Model/League.m; sourceTree = "<group>"; };
		4AD5ADC61DDF9C7500913B54 /* Tournament.h */ = {isa = PBXFileReference; fileEncoding = 4; lastKnownFileType = sourcecode.c.h; name = Tournament.h; path = Model/Tournament.h; sourceTree = "<group>"; };
		4AD5ADC71DDF9C7500913B54 /* Tournament.m */ = {isa = PBXFileReference; fileEncoding = 4; lastKnownFileType = sourcecode.c.objc; name = Tournament.m; path = Model/Tournament.m; sourceTree = "<group>"; };
		4AD5ADC91DDF9DF800913B54 /* Group.h */ = {isa = PBXFileReference; fileEncoding = 4; lastKnownFileType = sourcecode.c.h; name = Group.h; path = Model/Group.h; sourceTree = "<group>"; };
		4AD5ADCA1DDF9DF800913B54 /* Group.m */ = {isa = PBXFileReference; fileEncoding = 4; lastKnownFileType = sourcecode.c.objc; name = Group.m; path = Model/Group.m; sourceTree = "<group>"; };
		4AD5ADCC1DDFA0C900913B54 /* KnockoutStage.h */ = {isa = PBXFileReference; fileEncoding = 4; lastKnownFileType = sourcecode.c.h; path = KnockoutStage.h; sourceTree = "<group>"; };
		4AD5ADCD1DDFA0C900913B54 /* KnockoutStage.m */ = {isa = PBXFileReference; fileEncoding = 4; lastKnownFileType = sourcecode.c.objc; path = KnockoutStage.m; sourceTree = "<group>"; };
		4AD5ADCF1DDFB5EB00913B54 /* Utils.h */ = {isa = PBXFileReference; fileEncoding = 4; lastKnownFileType = sourcecode.c.h; path = Utils.h; sourceTree = "<group>"; };
		4AD5ADD01DDFB5EB00913B54 /* Utils.m */ = {isa = PBXFileReference; fileEncoding = 4; lastKnownFileType = sourcecode.c.objc; path = Utils.m; sourceTree = "<group>"; };
		4ADD28F01DE88317004C646B /* NSMutableArray+Shuffling.h */ = {isa = PBXFileReference; fileEncoding = 4; lastKnownFileType = sourcecode.c.h; path = "NSMutableArray+Shuffling.h"; sourceTree = "<group>"; };
		4ADD28F11DE88317004C646B /* NSMutableArray+Shuffling.m */ = {isa = PBXFileReference; fileEncoding = 4; lastKnownFileType = sourcecode.c.objc; path = "NSMutableArray+Shuffling.m"; sourceTree = "<group>"; };
		4ADD28F31DE8DA2D004C646B /* TournamentMatchesViewController.h */ = {isa = PBXFileReference; fileEncoding = 4; lastKnownFileType = sourcecode.c.h; path = TournamentMatchesViewController.h; sourceTree = "<group>"; };
		4ADD28F41DE8DA2D004C646B /* TournamentMatchesViewController.m */ = {isa = PBXFileReference; fileEncoding = 4; lastKnownFileType = sourcecode.c.objc; path = TournamentMatchesViewController.m; sourceTree = "<group>"; };
		7870DE0D1DECDBF7005680ED /* CongratulationWinnerViewController.h */ = {isa = PBXFileReference; fileEncoding = 4; lastKnownFileType = sourcecode.c.h; path = CongratulationWinnerViewController.h; sourceTree = "<group>"; };
		7870DE0E1DECDBF7005680ED /* CongratulationWinnerViewController.m */ = {isa = PBXFileReference; fileEncoding = 4; lastKnownFileType = sourcecode.c.objc; path = CongratulationWinnerViewController.m; sourceTree = "<group>"; };
		7870DE0F1DECDBF7005680ED /* CongratulationWinnerViewController.xib */ = {isa = PBXFileReference; fileEncoding = 4; lastKnownFileType = file.xib; path = CongratulationWinnerViewController.xib; sourceTree = "<group>"; };
		78D309391DE8C8DC00075921 /* PenaltySeries.h */ = {isa = PBXFileReference; fileEncoding = 4; lastKnownFileType = sourcecode.c.h; path = PenaltySeries.h; sourceTree = "<group>"; };
		78D3093A1DE8C8DC00075921 /* PenaltySeries.m */ = {isa = PBXFileReference; fileEncoding = 4; lastKnownFileType = sourcecode.c.objc; path = PenaltySeries.m; sourceTree = "<group>"; };
/* End PBXFileReference section */

/* Begin PBXFrameworksBuildPhase section */
		4A2B592F1DD5F8750032D53D /* Frameworks */ = {
			isa = PBXFrameworksBuildPhase;
			buildActionMask = 2147483647;
			files = (
				4AD5ADA91DDE1B7D00913B54 /* Realm.framework in Frameworks */,
			);
			runOnlyForDeploymentPostprocessing = 0;
		};
		4A2B59481DD5F8750032D53D /* Frameworks */ = {
			isa = PBXFrameworksBuildPhase;
			buildActionMask = 2147483647;
			files = (
			);
			runOnlyForDeploymentPostprocessing = 0;
		};
/* End PBXFrameworksBuildPhase section */

/* Begin PBXGroup section */
		4A2716621DDD2A9200A48BDD /* Models */ = {
			isa = PBXGroup;
			children = (
				4AD5ADAE1DDF309E00913B54 /* Club.h */,
				4AD5ADAF1DDF309E00913B54 /* Club.m */,
				4AD5ADB11DDF347B00913B54 /* Player.h */,
				4AD5ADB21DDF347B00913B54 /* Player.m */,
				4AD5ADB41DDF8FD500913B54 /* Week.h */,
				4AD5ADB51DDF8FD500913B54 /* Week.m */,
				4AD5ADB71DDF8FF400913B54 /* Match.h */,
				4AD5ADB81DDF8FF400913B54 /* Match.m */,
				78D309391DE8C8DC00075921 /* PenaltySeries.h */,
				78D3093A1DE8C8DC00075921 /* PenaltySeries.m */,
				4AD5ADBA1DDF938C00913B54 /* Competition.h */,
				4AD5ADBB1DDF938C00913B54 /* Competition.m */,
				4AD5ADC31DDF976E00913B54 /* League.h */,
				4AD5ADC41DDF976E00913B54 /* League.m */,
				4AD5ADC91DDF9DF800913B54 /* Group.h */,
				4AD5ADCA1DDF9DF800913B54 /* Group.m */,
				4AD5ADC61DDF9C7500913B54 /* Tournament.h */,
				4AD5ADC71DDF9C7500913B54 /* Tournament.m */,
				4ADD28F01DE88317004C646B /* NSMutableArray+Shuffling.h */,
				4ADD28F11DE88317004C646B /* NSMutableArray+Shuffling.m */,
				4AD5ADCC1DDFA0C900913B54 /* KnockoutStage.h */,
				4AD5ADCD1DDFA0C900913B54 /* KnockoutStage.m */,
				4AD5ADBD1DDF942800913B54 /* Statistics.h */,
				4AD5ADBE1DDF942800913B54 /* Statistics.m */,
				4AD5ADC01DDF944800913B54 /* StatisticsItem.h */,
				4AD5ADC11DDF944800913B54 /* StatisticsItem.m */,
			);
			name = Models;
			sourceTree = "<group>";
		};
		4A2B59291DD5F8750032D53D = {
			isa = PBXGroup;
			children = (
				4A2B59341DD5F8750032D53D /* Fifa_competitions */,
				4A2B594E1DD5F8750032D53D /* Fifa_competitionsTests */,
				4AD5ADAD1DDF2E9300913B54 /* Frameworks */,
				4A2B59331DD5F8750032D53D /* Products */,
			);
			sourceTree = "<group>";
		};
		4A2B59331DD5F8750032D53D /* Products */ = {
			isa = PBXGroup;
			children = (
				4A2B59321DD5F8750032D53D /* Fifa_competitions.app */,
				4A2B594B1DD5F8750032D53D /* Fifa_competitionsTests.xctest */,
			);
			name = Products;
			sourceTree = "<group>";
		};
		4A2B59341DD5F8750032D53D /* Fifa_competitions */ = {
			isa = PBXGroup;
			children = (
				4A2B59381DD5F8750032D53D /* AppDelegate.h */,
				4A2B59391DD5F8750032D53D /* AppDelegate.m */,
				4ADD28EF1DE857E0004C646B /* Utils */,
				4A2716621DDD2A9200A48BDD /* Models */,
				4ADD28EC1DE8570A004C646B /* Controllers */,
				4ADD28EE1DE85795004C646B /* Views */,
				4A2B59351DD5F8750032D53D /* Supporting Files */,
			);
			path = Fifa_competitions;
			sourceTree = "<group>";
		};
		4A2B59351DD5F8750032D53D /* Supporting Files */ = {
			isa = PBXGroup;
			children = (
				4A4B043F1DE0ECA500581C0C /* clubs.plist */,
				4A2B593E1DD5F8750032D53D /* Main.storyboard */,
				4A4B04411DE0ECB700581C0C /* Logos.xcassets */,
				4A2B59411DD5F8750032D53D /* Assets.xcassets */,
				4A2B59431DD5F8750032D53D /* LaunchScreen.storyboard */,
				4A2B59461DD5F8750032D53D /* Info.plist */,
				4A2B59361DD5F8750032D53D /* main.m */,
			);
			name = "Supporting Files";
			sourceTree = "<group>";
		};
		4A2B594E1DD5F8750032D53D /* Fifa_competitionsTests */ = {
			isa = PBXGroup;
			children = (
				4A2B594F1DD5F8750032D53D /* Fifa_competitionsTests.m */,
				4A2B59511DD5F8750032D53D /* Info.plist */,
			);
			path = Fifa_competitionsTests;
			sourceTree = "<group>";
		};
		4AD5ADAD1DDF2E9300913B54 /* Frameworks */ = {
			isa = PBXGroup;
			children = (
				4AD5ADA81DDE1B7D00913B54 /* Realm.framework */,
			);
			name = Frameworks;
			sourceTree = "<group>";
		};
		4ADD28EC1DE8570A004C646B /* Controllers */ = {
			isa = PBXGroup;
			children = (
				7870DE0E1DECDBF7005680ED /* CongratulationWinnerViewController.m */,
				7870DE0D1DECDBF7005680ED /* CongratulationWinnerViewController.h */,
				7870DE0F1DECDBF7005680ED /* CongratulationWinnerViewController.xib */,
				4A95E5731DE9F7F000B48BEA /* CompetitionTypeViewController.m */,
				4A95E5721DE9F7F000B48BEA /* CompetitionTypeViewController.h */,
				4A2B59621DD612740032D53D /* SetupCompetitionViewController.h */,
				4A2B59631DD612740032D53D /* SetupCompetitionViewController.m */,
				4A2B59651DD62FD80032D53D /* PlayerSetupViewController.h */,
				4A2B59661DD62FD80032D53D /* PlayerSetupViewController.m */,
				4A2B593B1DD5F8750032D53D /* ViewController.h */,
				4A2B593C1DD5F8750032D53D /* ViewController.m */,
				4A2B595A1DD607A60032D53D /* CreateCompetitionBaseViewController.h */,
				4A2B595B1DD607A60032D53D /* CreateCompetitionBaseViewController.m */,
				4A95A99B1DD92CD6000F7CF6 /* MatchesViewController.h */,
				4A95A99C1DD92CD6000F7CF6 /* MatchesViewController.m */,
				4A0BB2D51DDB01A10036E6B2 /* StatisticsTableViewController.h */,
				4A0BB2D61DDB01A10036E6B2 /* StatisticsTableViewController.m */,
				4ADD28F31DE8DA2D004C646B /* TournamentMatchesViewController.h */,
				4ADD28F41DE8DA2D004C646B /* TournamentMatchesViewController.m */,
			);
			name = Controllers;
			sourceTree = "<group>";
		};
		4ADD28ED1DE8573B004C646B /* Cells */ = {
			isa = PBXGroup;
			children = (
				4A2B59681DD63EC30032D53D /* ClubCollectionViewCell.h */,
				4A2B59691DD63EC30032D53D /* ClubCollectionViewCell.m */,
				4A2B596A1DD63EC30032D53D /* ClubCollectionViewCell.xib */,
				4A95A9961DD92BEC000F7CF6 /* MatchTableViewCell.h */,
				4A95A9971DD92BEC000F7CF6 /* MatchTableViewCell.m */,
				4A95A9981DD92BEC000F7CF6 /* MatchTableViewCell.xib */,
				4A0BB2D81DDB05BC0036E6B2 /* StatsTableViewCell.h */,
				4A0BB2D91DDB05BC0036E6B2 /* StatsTableViewCell.m */,
				4A0BB2DA1DDB05BC0036E6B2 /* StatsTableViewCell.xib */,
				4A95E5751DEA033600B48BEA /* CompetitionTypeTableViewCell.h */,
				4A95E5761DEA033600B48BEA /* CompetitionTypeTableViewCell.m */,
				4A95E5771DEA033600B48BEA /* CompetitionTypeTableViewCell.xib */,
			);
			name = Cells;
			sourceTree = "<group>";
		};
		4ADD28EE1DE85795004C646B /* Views */ = {
			isa = PBXGroup;
			children = (
				4ADD28ED1DE8573B004C646B /* Cells */,
				4A2B595F1DD610720032D53D /* UnderlineTextField.h */,
				4A2B59601DD610720032D53D /* UnderlineTextField.m */,
				4A2716351DDB1CAC00A48BDD /* StatsHeaderView.h */,
				4A2716361DDB1CAC00A48BDD /* StatsHeaderView.m */,
				4A2716381DDB1CBF00A48BDD /* StatsHeaderView.xib */,
				4A0BB2D21DDAE0210036E6B2 /* MatchesHeaderView.h */,
				4A0BB2D31DDAE0210036E6B2 /* MatchesHeaderView.m */,
			);
			name = Views;
			sourceTree = "<group>";
		};
		4ADD28EF1DE857E0004C646B /* Utils */ = {
			isa = PBXGroup;
			children = (
				4AD5ADCF1DDFB5EB00913B54 /* Utils.h */,
				4AD5ADD01DDFB5EB00913B54 /* Utils.m */,
			);
			name = Utils;
			sourceTree = "<group>";
		};
/* End PBXGroup section */

/* Begin PBXNativeTarget section */
		4A2B59311DD5F8750032D53D /* Fifa_competitions */ = {
			isa = PBXNativeTarget;
			buildConfigurationList = 4A2B59541DD5F8750032D53D /* Build configuration list for PBXNativeTarget "Fifa_competitions" */;
			buildPhases = (
				4A2B592E1DD5F8750032D53D /* Sources */,
				4A2B592F1DD5F8750032D53D /* Frameworks */,
				4A2B59301DD5F8750032D53D /* Resources */,
				4AD5ADAB1DDE1B7D00913B54 /* Embed Frameworks */,
				4AD5ADAC1DDE1BAE00913B54 /* ShellScript */,
			);
			buildRules = (
			);
			dependencies = (
			);
			name = Fifa_competitions;
			productName = Fifa_competitions;
			productReference = 4A2B59321DD5F8750032D53D /* Fifa_competitions.app */;
			productType = "com.apple.product-type.application";
		};
		4A2B594A1DD5F8750032D53D /* Fifa_competitionsTests */ = {
			isa = PBXNativeTarget;
			buildConfigurationList = 4A2B59571DD5F8750032D53D /* Build configuration list for PBXNativeTarget "Fifa_competitionsTests" */;
			buildPhases = (
				4A2B59471DD5F8750032D53D /* Sources */,
				4A2B59481DD5F8750032D53D /* Frameworks */,
				4A2B59491DD5F8750032D53D /* Resources */,
			);
			buildRules = (
			);
			dependencies = (
				4A2B594D1DD5F8750032D53D /* PBXTargetDependency */,
			);
			name = Fifa_competitionsTests;
			productName = Fifa_competitionsTests;
			productReference = 4A2B594B1DD5F8750032D53D /* Fifa_competitionsTests.xctest */;
			productType = "com.apple.product-type.bundle.unit-test";
		};
/* End PBXNativeTarget section */

/* Begin PBXProject section */
		4A2B592A1DD5F8750032D53D /* Project object */ = {
			isa = PBXProject;
			attributes = {
				LastUpgradeCheck = 0810;
				ORGANIZATIONNAME = ios.dev;
				TargetAttributes = {
					4A2B59311DD5F8750032D53D = {
						CreatedOnToolsVersion = 8.1;
						DevelopmentTeam = ZW9JWEU2NM;
						LastSwiftMigration = 0810;
						ProvisioningStyle = Automatic;
					};
					4A2B594A1DD5F8750032D53D = {
						CreatedOnToolsVersion = 8.1;
						ProvisioningStyle = Automatic;
						TestTargetID = 4A2B59311DD5F8750032D53D;
					};
				};
			};
			buildConfigurationList = 4A2B592D1DD5F8750032D53D /* Build configuration list for PBXProject "Fifa_competitions" */;
			compatibilityVersion = "Xcode 3.2";
			developmentRegion = English;
			hasScannedForEncodings = 0;
			knownRegions = (
				en,
				Base,
			);
			mainGroup = 4A2B59291DD5F8750032D53D;
			productRefGroup = 4A2B59331DD5F8750032D53D /* Products */;
			projectDirPath = "";
			projectRoot = "";
			targets = (
				4A2B59311DD5F8750032D53D /* Fifa_competitions */,
				4A2B594A1DD5F8750032D53D /* Fifa_competitionsTests */,
			);
		};
/* End PBXProject section */

/* Begin PBXResourcesBuildPhase section */
		4A2B59301DD5F8750032D53D /* Resources */ = {
			isa = PBXResourcesBuildPhase;
			buildActionMask = 2147483647;
			files = (
				4A95A99A1DD92BEC000F7CF6 /* MatchTableViewCell.xib in Resources */,
				7870DE111DECDBF7005680ED /* CongratulationWinnerViewController.xib in Resources */,
				4A2B596C1DD63EC30032D53D /* ClubCollectionViewCell.xib in Resources */,
				4A2B59451DD5F8750032D53D /* LaunchScreen.storyboard in Resources */,
				4A0BB2DC1DDB05BC0036E6B2 /* StatsTableViewCell.xib in Resources */,
				4A2B59421DD5F8750032D53D /* Assets.xcassets in Resources */,
				4A2716391DDB1CBF00A48BDD /* StatsHeaderView.xib in Resources */,
				4A95E5791DEA033600B48BEA /* CompetitionTypeTableViewCell.xib in Resources */,
				4A4B04401DE0ECA500581C0C /* clubs.plist in Resources */,
				4A4B04421DE0ECB700581C0C /* Logos.xcassets in Resources */,
				4A2B59401DD5F8750032D53D /* Main.storyboard in Resources */,
			);
			runOnlyForDeploymentPostprocessing = 0;
		};
		4A2B59491DD5F8750032D53D /* Resources */ = {
			isa = PBXResourcesBuildPhase;
			buildActionMask = 2147483647;
			files = (
			);
			runOnlyForDeploymentPostprocessing = 0;
		};
/* End PBXResourcesBuildPhase section */

/* Begin PBXShellScriptBuildPhase section */
		4AD5ADAC1DDE1BAE00913B54 /* ShellScript */ = {
			isa = PBXShellScriptBuildPhase;
			buildActionMask = 2147483647;
			files = (
			);
			inputPaths = (
			);
			outputPaths = (
			);
			runOnlyForDeploymentPostprocessing = 0;
			shellPath = /bin/sh;
			shellScript = "bash \"${BUILT_PRODUCTS_DIR}/${FRAMEWORKS_FOLDER_PATH}/Realm.framework/strip-frameworks.sh\"";
		};
/* End PBXShellScriptBuildPhase section */

/* Begin PBXSourcesBuildPhase section */
		4A2B592E1DD5F8750032D53D /* Sources */ = {
			isa = PBXSourcesBuildPhase;
			buildActionMask = 2147483647;
			files = (
				4AD5ADB31DDF347B00913B54 /* Player.m in Sources */,
				4A0BB2D71DDB01A10036E6B2 /* StatisticsTableViewController.m in Sources */,
				4A95E5781DEA033600B48BEA /* CompetitionTypeTableViewCell.m in Sources */,
				4A2B596B1DD63EC30032D53D /* ClubCollectionViewCell.m in Sources */,
				4AD5ADD11DDFB5EB00913B54 /* Utils.m in Sources */,
				4A2B59671DD62FD80032D53D /* PlayerSetupViewController.m in Sources */,
				4AD5ADC81DDF9C7500913B54 /* Tournament.m in Sources */,
				4A2716371DDB1CAC00A48BDD /* StatsHeaderView.m in Sources */,
				4A95A9991DD92BEC000F7CF6 /* MatchTableViewCell.m in Sources */,
				4AD5ADBF1DDF942800913B54 /* Statistics.m in Sources */,
				4AD5ADB01DDF309E00913B54 /* Club.m in Sources */,
				7870DE101DECDBF7005680ED /* CongratulationWinnerViewController.m in Sources */,
				4ADD28F51DE8DA2D004C646B /* TournamentMatchesViewController.m in Sources */,
				4AD5ADB61DDF8FD500913B54 /* Week.m in Sources */,
				4ADD28F21DE88317004C646B /* NSMutableArray+Shuffling.m in Sources */,
				4A2B59641DD612740032D53D /* SetupCompetitionViewController.m in Sources */,
				4A95A99D1DD92CD6000F7CF6 /* MatchesViewController.m in Sources */,
				4AD5ADBC1DDF938C00913B54 /* Competition.m in Sources */,
				4A95E5741DE9F7F000B48BEA /* CompetitionTypeViewController.m in Sources */,
				4A2B593D1DD5F8750032D53D /* ViewController.m in Sources */,
				4A2B59611DD610720032D53D /* UnderlineTextField.m in Sources */,
				4AD5ADCB1DDF9DF800913B54 /* Group.m in Sources */,
				4AD5ADCE1DDFA0C900913B54 /* KnockoutStage.m in Sources */,
				4AD5ADC21DDF944800913B54 /* StatisticsItem.m in Sources */,
				4A2B595D1DD607A60032D53D /* CreateCompetitionBaseViewController.m in Sources */,
				4A0BB2DB1DDB05BC0036E6B2 /* StatsTableViewCell.m in Sources */,
				4A0BB2D41DDAE0210036E6B2 /* MatchesHeaderView.m in Sources */,
				4AD5ADC51DDF976E00913B54 /* League.m in Sources */,
				4AD5ADB91DDF8FF400913B54 /* Match.m in Sources */,
				4A2B593A1DD5F8750032D53D /* AppDelegate.m in Sources */,
				78D3093B1DE8C8DC00075921 /* PenaltySeries.m in Sources */,
				4A2B59371DD5F8750032D53D /* main.m in Sources */,
			);
			runOnlyForDeploymentPostprocessing = 0;
		};
		4A2B59471DD5F8750032D53D /* Sources */ = {
			isa = PBXSourcesBuildPhase;
			buildActionMask = 2147483647;
			files = (
				4A2B59501DD5F8750032D53D /* Fifa_competitionsTests.m in Sources */,
			);
			runOnlyForDeploymentPostprocessing = 0;
		};
/* End PBXSourcesBuildPhase section */

/* Begin PBXTargetDependency section */
		4A2B594D1DD5F8750032D53D /* PBXTargetDependency */ = {
			isa = PBXTargetDependency;
			target = 4A2B59311DD5F8750032D53D /* Fifa_competitions */;
			targetProxy = 4A2B594C1DD5F8750032D53D /* PBXContainerItemProxy */;
		};
/* End PBXTargetDependency section */

/* Begin PBXVariantGroup section */
		4A2B593E1DD5F8750032D53D /* Main.storyboard */ = {
			isa = PBXVariantGroup;
			children = (
				4A2B593F1DD5F8750032D53D /* Base */,
			);
			name = Main.storyboard;
			sourceTree = "<group>";
		};
		4A2B59431DD5F8750032D53D /* LaunchScreen.storyboard */ = {
			isa = PBXVariantGroup;
			children = (
				4A2B59441DD5F8750032D53D /* Base */,
			);
			name = LaunchScreen.storyboard;
			sourceTree = "<group>";
		};
/* End PBXVariantGroup section */

/* Begin XCBuildConfiguration section */
		4A2B59521DD5F8750032D53D /* Debug */ = {
			isa = XCBuildConfiguration;
			buildSettings = {
				ALWAYS_SEARCH_USER_PATHS = NO;
				CLANG_ANALYZER_NONNULL = YES;
				CLANG_CXX_LANGUAGE_STANDARD = "gnu++0x";
				CLANG_CXX_LIBRARY = "libc++";
				CLANG_ENABLE_MODULES = YES;
				CLANG_ENABLE_OBJC_ARC = YES;
				CLANG_WARN_BOOL_CONVERSION = YES;
				CLANG_WARN_CONSTANT_CONVERSION = YES;
				CLANG_WARN_DIRECT_OBJC_ISA_USAGE = YES_ERROR;
				CLANG_WARN_DOCUMENTATION_COMMENTS = YES;
				CLANG_WARN_EMPTY_BODY = YES;
				CLANG_WARN_ENUM_CONVERSION = YES;
				CLANG_WARN_INFINITE_RECURSION = YES;
				CLANG_WARN_INT_CONVERSION = YES;
				CLANG_WARN_OBJC_ROOT_CLASS = YES_ERROR;
				CLANG_WARN_SUSPICIOUS_MOVE = YES;
				CLANG_WARN_SUSPICIOUS_MOVES = YES;
				CLANG_WARN_UNREACHABLE_CODE = YES;
				CLANG_WARN__DUPLICATE_METHOD_MATCH = YES;
				"CODE_SIGN_IDENTITY[sdk=iphoneos*]" = "iPhone Developer";
				COPY_PHASE_STRIP = NO;
				DEBUG_INFORMATION_FORMAT = dwarf;
				ENABLE_STRICT_OBJC_MSGSEND = YES;
				ENABLE_TESTABILITY = YES;
				FRAMEWORK_SEARCH_PATHS = "";
				GCC_C_LANGUAGE_STANDARD = gnu99;
				GCC_DYNAMIC_NO_PIC = NO;
				GCC_NO_COMMON_BLOCKS = YES;
				GCC_OPTIMIZATION_LEVEL = 0;
				GCC_PREPROCESSOR_DEFINITIONS = (
					"DEBUG=1",
					"$(inherited)",
				);
				GCC_WARN_64_TO_32_BIT_CONVERSION = YES;
				GCC_WARN_ABOUT_RETURN_TYPE = YES_ERROR;
				GCC_WARN_UNDECLARED_SELECTOR = YES;
				GCC_WARN_UNINITIALIZED_AUTOS = YES_AGGRESSIVE;
				GCC_WARN_UNUSED_FUNCTION = YES;
				GCC_WARN_UNUSED_VARIABLE = YES;
				IPHONEOS_DEPLOYMENT_TARGET = 10.0;
				MTL_ENABLE_DEBUG_INFO = YES;
				ONLY_ACTIVE_ARCH = YES;
				SDKROOT = iphoneos;
			};
			name = Debug;
		};
		4A2B59531DD5F8750032D53D /* Release */ = {
			isa = XCBuildConfiguration;
			buildSettings = {
				ALWAYS_SEARCH_USER_PATHS = NO;
				CLANG_ANALYZER_NONNULL = YES;
				CLANG_CXX_LANGUAGE_STANDARD = "gnu++0x";
				CLANG_CXX_LIBRARY = "libc++";
				CLANG_ENABLE_MODULES = YES;
				CLANG_ENABLE_OBJC_ARC = YES;
				CLANG_WARN_BOOL_CONVERSION = YES;
				CLANG_WARN_CONSTANT_CONVERSION = YES;
				CLANG_WARN_DIRECT_OBJC_ISA_USAGE = YES_ERROR;
				CLANG_WARN_DOCUMENTATION_COMMENTS = YES;
				CLANG_WARN_EMPTY_BODY = YES;
				CLANG_WARN_ENUM_CONVERSION = YES;
				CLANG_WARN_INFINITE_RECURSION = YES;
				CLANG_WARN_INT_CONVERSION = YES;
				CLANG_WARN_OBJC_ROOT_CLASS = YES_ERROR;
				CLANG_WARN_SUSPICIOUS_MOVE = YES;
				CLANG_WARN_SUSPICIOUS_MOVES = YES;
				CLANG_WARN_UNREACHABLE_CODE = YES;
				CLANG_WARN__DUPLICATE_METHOD_MATCH = YES;
				"CODE_SIGN_IDENTITY[sdk=iphoneos*]" = "iPhone Developer";
				COPY_PHASE_STRIP = NO;
				DEBUG_INFORMATION_FORMAT = "dwarf-with-dsym";
				ENABLE_NS_ASSERTIONS = NO;
				ENABLE_STRICT_OBJC_MSGSEND = YES;
				FRAMEWORK_SEARCH_PATHS = "";
				GCC_C_LANGUAGE_STANDARD = gnu99;
				GCC_NO_COMMON_BLOCKS = YES;
				GCC_WARN_64_TO_32_BIT_CONVERSION = YES;
				GCC_WARN_ABOUT_RETURN_TYPE = YES_ERROR;
				GCC_WARN_UNDECLARED_SELECTOR = YES;
				GCC_WARN_UNINITIALIZED_AUTOS = YES_AGGRESSIVE;
				GCC_WARN_UNUSED_FUNCTION = YES;
				GCC_WARN_UNUSED_VARIABLE = YES;
				IPHONEOS_DEPLOYMENT_TARGET = 10.0;
				MTL_ENABLE_DEBUG_INFO = NO;
				SDKROOT = iphoneos;
				VALIDATE_PRODUCT = YES;
			};
			name = Release;
		};
		4A2B59551DD5F8750032D53D /* Debug */ = {
			isa = XCBuildConfiguration;
			buildSettings = {
				ASSETCATALOG_COMPILER_APPICON_NAME = AppIcon;
				CLANG_ENABLE_MODULES = YES;
				DEVELOPMENT_TEAM = ZW9JWEU2NM;
				FRAMEWORK_SEARCH_PATHS = (
					"$(inherited)",
					"$(PROJECT_DIR)",
					Realm.framework,
				);
				INFOPLIST_FILE = Fifa_competitions/Info.plist;
				IPHONEOS_DEPLOYMENT_TARGET = 10.0;
				LD_RUNPATH_SEARCH_PATHS = "$(inherited) @executable_path/Frameworks";
				PRODUCT_BUNDLE_IDENTIFIER = "com.dev.ios.Fifa-competitions";
				PRODUCT_NAME = "$(TARGET_NAME)";
				SWIFT_OPTIMIZATION_LEVEL = "-Onone";
				SWIFT_VERSION = 3.0;
			};
			name = Debug;
		};
		4A2B59561DD5F8750032D53D /* Release */ = {
			isa = XCBuildConfiguration;
			buildSettings = {
				ASSETCATALOG_COMPILER_APPICON_NAME = AppIcon;
				CLANG_ENABLE_MODULES = YES;
				DEVELOPMENT_TEAM = ZW9JWEU2NM;
				FRAMEWORK_SEARCH_PATHS = (
					"$(inherited)",
					"$(PROJECT_DIR)",
					Realm.framework,
				);
				INFOPLIST_FILE = Fifa_competitions/Info.plist;
				IPHONEOS_DEPLOYMENT_TARGET = 10.0;
				LD_RUNPATH_SEARCH_PATHS = "$(inherited) @executable_path/Frameworks";
				PRODUCT_BUNDLE_IDENTIFIER = "com.dev.ios.Fifa-competitions";
				PRODUCT_NAME = "$(TARGET_NAME)";
				SWIFT_VERSION = 3.0;
			};
			name = Release;
		};
		4A2B59581DD5F8750032D53D /* Debug */ = {
			isa = XCBuildConfiguration;
			buildSettings = {
				BUNDLE_LOADER = "$(TEST_HOST)";
				FRAMEWORK_SEARCH_PATHS = (
					"$(PROJECT_DIR)",
					Realm.framework,
				);
				INFOPLIST_FILE = Fifa_competitionsTests/Info.plist;
				LD_RUNPATH_SEARCH_PATHS = "$(inherited) @executable_path/Frameworks @loader_path/Frameworks";
				PRODUCT_BUNDLE_IDENTIFIER = "com.dev.ios.Fifa-competitionsTests";
				PRODUCT_NAME = "$(TARGET_NAME)";
				TEST_HOST = "$(BUILT_PRODUCTS_DIR)/Fifa_competitions.app/Fifa_competitions";
			};
			name = Debug;
		};
		4A2B59591DD5F8750032D53D /* Release */ = {
			isa = XCBuildConfiguration;
			buildSettings = {
				BUNDLE_LOADER = "$(TEST_HOST)";
				FRAMEWORK_SEARCH_PATHS = (
					"$(PROJECT_DIR)",
					Realm.framework,
				);
				INFOPLIST_FILE = Fifa_competitionsTests/Info.plist;
				LD_RUNPATH_SEARCH_PATHS = "$(inherited) @executable_path/Frameworks @loader_path/Frameworks";
				PRODUCT_BUNDLE_IDENTIFIER = "com.dev.ios.Fifa-competitionsTests";
				PRODUCT_NAME = "$(TARGET_NAME)";
				TEST_HOST = "$(BUILT_PRODUCTS_DIR)/Fifa_competitions.app/Fifa_competitions";
			};
			name = Release;
		};
/* End XCBuildConfiguration section */

/* Begin XCConfigurationList section */
		4A2B592D1DD5F8750032D53D /* Build configuration list for PBXProject "Fifa_competitions" */ = {
			isa = XCConfigurationList;
			buildConfigurations = (
				4A2B59521DD5F8750032D53D /* Debug */,
				4A2B59531DD5F8750032D53D /* Release */,
			);
			defaultConfigurationIsVisible = 0;
			defaultConfigurationName = Release;
		};
		4A2B59541DD5F8750032D53D /* Build configuration list for PBXNativeTarget "Fifa_competitions" */ = {
			isa = XCConfigurationList;
			buildConfigurations = (
				4A2B59551DD5F8750032D53D /* Debug */,
				4A2B59561DD5F8750032D53D /* Release */,
			);
			defaultConfigurationIsVisible = 0;
			defaultConfigurationName = Release;
		};
		4A2B59571DD5F8750032D53D /* Build configuration list for PBXNativeTarget "Fifa_competitionsTests" */ = {
			isa = XCConfigurationList;
			buildConfigurations = (
				4A2B59581DD5F8750032D53D /* Debug */,
				4A2B59591DD5F8750032D53D /* Release */,
			);
			defaultConfigurationIsVisible = 0;
			defaultConfigurationName = Release;
		};
/* End XCConfigurationList section */
	};
	rootObject = 4A2B592A1DD5F8750032D53D /* Project object */;
}
